
Microsoft Visual Studio Solution File, Format Version 12.00
Project("{2150E333-8FDC-42A3-9474-1A3956D46DE8}") = "Microcontrollers", "Microcontrollers", "{86D16D28-5D70-42AC-ADBE-C21D292F1636}"
EndProject
Project("{FAE04EC0-301F-11D3-BF4B-00C04F79EFBC}") = "SmartHome.ArduinoUno", "SmartHome.ArduinoUno\SmartHome.ArduinoUno.csproj", "{B24F7562-919A-4504-B0A7-D205B68E0F88}"
EndProject
Project("{FAE04EC0-301F-11D3-BF4B-00C04F79EFBC}") = "SmartHome.ArduinoNano", "SmartHome.ArduinoNano\SmartHome.ArduinoNano.csproj", "{E38B8958-2BCD-46B8-B07D-77FCEEA3DFE1}"
EndProject
Project("{FAE04EC0-301F-11D3-BF4B-00C04F79EFBC}") = "SmartHome.Esp", "SmartHome.Esp\SmartHome.Esp.csproj", "{F3B8068E-FD83-4219-A3F7-48CA2EC146EE}"
EndProject
Project("{2150E333-8FDC-42A3-9474-1A3956D46DE8}") = "Infrastructure", "Infrastructure", "{8ED39087-E896-440C-A82C-BDF3AE1015DA}"
EndProject
Project("{FAE04EC0-301F-11D3-BF4B-00C04F79EFBC}") = "SmartHome.Backend", "SmartHome.Backend\SmartHome.Backend.csproj", "{D27C11DE-8AAB-4FEC-A76F-32B395008D8C}"
EndProject
Global
	GlobalSection(SolutionConfigurationPlatforms) = preSolution
		Debug|Any CPU = Debug|Any CPU
		Release|Any CPU = Release|Any CPU
	EndGlobalSection
	GlobalSection(NestedProjects) = preSolution
		{B24F7562-919A-4504-B0A7-D205B68E0F88} = {86D16D28-5D70-42AC-ADBE-C21D292F1636}
		{E38B8958-2BCD-46B8-B07D-77FCEEA3DFE1} = {86D16D28-5D70-42AC-ADBE-C21D292F1636}
		{F3B8068E-FD83-4219-A3F7-48CA2EC146EE} = {86D16D28-5D70-42AC-ADBE-C21D292F1636}
		{D27C11DE-8AAB-4FEC-A76F-32B395008D8C} = {8ED39087-E896-440C-A82C-BDF3AE1015DA}
	EndGlobalSection
	GlobalSection(ProjectConfigurationPlatforms) = postSolution
		{B24F7562-919A-4504-B0A7-D205B68E0F88}.Debug|Any CPU.ActiveCfg = Debug|Any CPU
		{B24F7562-919A-4504-B0A7-D205B68E0F88}.Debug|Any CPU.Build.0 = Debug|Any CPU
		{B24F7562-919A-4504-B0A7-D205B68E0F88}.Release|Any CPU.ActiveCfg = Release|Any CPU
		{B24F7562-919A-4504-B0A7-D205B68E0F88}.Release|Any CPU.Build.0 = Release|Any CPU
		{E38B8958-2BCD-46B8-B07D-77FCEEA3DFE1}.Debug|Any CPU.ActiveCfg = Debug|Any CPU
		{E38B8958-2BCD-46B8-B07D-77FCEEA3DFE1}.Debug|Any CPU.Build.0 = Debug|Any CPU
		{E38B8958-2BCD-46B8-B07D-77FCEEA3DFE1}.Release|Any CPU.ActiveCfg = Release|Any CPU
		{E38B8958-2BCD-46B8-B07D-77FCEEA3DFE1}.Release|Any CPU.Build.0 = Release|Any CPU
		{F3B8068E-FD83-4219-A3F7-48CA2EC146EE}.Debug|Any CPU.ActiveCfg = Debug|Any CPU
		{F3B8068E-FD83-4219-A3F7-48CA2EC146EE}.Debug|Any CPU.Build.0 = Debug|Any CPU
		{F3B8068E-FD83-4219-A3F7-48CA2EC146EE}.Release|Any CPU.ActiveCfg = Release|Any CPU
		{F3B8068E-FD83-4219-A3F7-48CA2EC146EE}.Release|Any CPU.Build.0 = Release|Any CPU
		{D27C11DE-8AAB-4FEC-A76F-32B395008D8C}.Debug|Any CPU.ActiveCfg = Debug|Any CPU
		{D27C11DE-8AAB-4FEC-A76F-32B395008D8C}.Debug|Any CPU.Build.0 = Debug|Any CPU
		{D27C11DE-8AAB-4FEC-A76F-32B395008D8C}.Release|Any CPU.ActiveCfg = Release|Any CPU
		{D27C11DE-8AAB-4FEC-A76F-32B395008D8C}.Release|Any CPU.Build.0 = Release|Any CPU
	EndGlobalSection
EndGlobal
